
Microsoft Visual Studio Solution File, Format Version 12.00
# Visual Studio Version 17
VisualStudioVersion = 17.7.34302.85
MinimumVisualStudioVersion = 10.0.40219.1
Project("{FAE04EC0-301F-11D3-BF4B-00C04F79EFBC}") = "PTSValley", "PTSValley.csproj", "{AD91ECE8-1675-4E18-8425-ACF68F219ABD}"
EndProject
Global
	GlobalSection(SolutionConfigurationPlatforms) = preSolution
		Debug|Any CPU = Debug|Any CPU
		Release|Any CPU = Release|Any CPU
	EndGlobalSection
	GlobalSection(ProjectConfigurationPlatforms) = postSolution
		{AD91ECE8-1675-4E18-8425-ACF68F219ABD}.Debug|Any CPU.ActiveCfg = Debug|Any CPU
		{AD91ECE8-1675-4E18-8425-ACF68F219ABD}.Debug|Any CPU.Build.0 = Debug|Any CPU
		{AD91ECE8-1675-4E18-8425-ACF68F219ABD}.Release|Any CPU.ActiveCfg = Release|Any CPU
		{AD91ECE8-1675-4E18-8425-ACF68F219ABD}.Release|Any CPU.Build.0 = Release|Any CPU
	EndGlobalSection
	GlobalSection(SolutionProperties) = preSolution
		HideSolutionNode = FALSE
	EndGlobalSection
	GlobalSection(ExtensibilityGlobals) = postSolution
		SolutionGuid = {4B06264B-20B5-4773-8ABA-A51778B0EE0C}
	EndGlobalSection
EndGlobal
